
Microsoft Visual Studio Solution File, Format Version 12.00
# Visual Studio Version 16
VisualStudioVersion = 16.0.30114.105
MinimumVisualStudioVersion = 10.0.40219.1
Project("{FAE04EC0-301F-11D3-BF4B-00C04F79EFBC}") = "WindowsFormsApp46", "WindowsFormsApp46\WindowsFormsApp46.csproj", "{356B57FD-65B7-4854-990A-BE19EC833F5D}"
EndProject
Global
	GlobalSection(SolutionConfigurationPlatforms) = preSolution
		Debug|Any CPU = Debug|Any CPU
		Release|Any CPU = Release|Any CPU
	EndGlobalSection
	GlobalSection(ProjectConfigurationPlatforms) = postSolution
		{356B57FD-65B7-4854-990A-BE19EC833F5D}.Debug|Any CPU.ActiveCfg = Debug|Any CPU
		{356B57FD-65B7-4854-990A-BE19EC833F5D}.Debug|Any CPU.Build.0 = Debug|Any CPU
		{356B57FD-65B7-4854-990A-BE19EC833F5D}.Release|Any CPU.ActiveCfg = Release|Any CPU
		{356B57FD-65B7-4854-990A-BE19EC833F5D}.Release|Any CPU.Build.0 = Release|Any CPU
	EndGlobalSection
	GlobalSection(SolutionProperties) = preSolution
		HideSolutionNode = FALSE
	EndGlobalSection
	GlobalSection(ExtensibilityGlobals) = postSolution
		SolutionGuid = {F2DA4C2D-E849-4A6B-B873-9F1BD077060E}
	EndGlobalSection
EndGlobal
