
Microsoft Visual Studio Solution File, Format Version 12.00
# Visual Studio Version 16
VisualStudioVersion = 16.0.30114.105
MinimumVisualStudioVersion = 10.0.40219.1
Project("{FAE04EC0-301F-11D3-BF4B-00C04F79EFBC}") = "WindowsFormsApp42", "WindowsFormsApp42\WindowsFormsApp42.csproj", "{673729E7-0839-4EEA-98A3-6872B6F7C748}"
EndProject
Global
	GlobalSection(SolutionConfigurationPlatforms) = preSolution
		Debug|Any CPU = Debug|Any CPU
		Release|Any CPU = Release|Any CPU
	EndGlobalSection
	GlobalSection(ProjectConfigurationPlatforms) = postSolution
		{673729E7-0839-4EEA-98A3-6872B6F7C748}.Debug|Any CPU.ActiveCfg = Debug|Any CPU
		{673729E7-0839-4EEA-98A3-6872B6F7C748}.Debug|Any CPU.Build.0 = Debug|Any CPU
		{673729E7-0839-4EEA-98A3-6872B6F7C748}.Release|Any CPU.ActiveCfg = Release|Any CPU
		{673729E7-0839-4EEA-98A3-6872B6F7C748}.Release|Any CPU.Build.0 = Release|Any CPU
	EndGlobalSection
	GlobalSection(SolutionProperties) = preSolution
		HideSolutionNode = FALSE
	EndGlobalSection
	GlobalSection(ExtensibilityGlobals) = postSolution
		SolutionGuid = {A40CF7D5-29FE-4E71-92B8-D2AF436B515E}
	EndGlobalSection
EndGlobal
