
Microsoft Visual Studio Solution File, Format Version 12.00
# Visual Studio Version 16
VisualStudioVersion = 16.0.30114.105
MinimumVisualStudioVersion = 10.0.40219.1
Project("{FAE04EC0-301F-11D3-BF4B-00C04F79EFBC}") = "WindowsFormsApp34", "WindowsFormsApp34\WindowsFormsApp34.csproj", "{6C8BCC6B-26A2-4090-A2C1-7AE083BDA73D}"
EndProject
Global
	GlobalSection(SolutionConfigurationPlatforms) = preSolution
		Debug|Any CPU = Debug|Any CPU
		Release|Any CPU = Release|Any CPU
	EndGlobalSection
	GlobalSection(ProjectConfigurationPlatforms) = postSolution
		{6C8BCC6B-26A2-4090-A2C1-7AE083BDA73D}.Debug|Any CPU.ActiveCfg = Debug|Any CPU
		{6C8BCC6B-26A2-4090-A2C1-7AE083BDA73D}.Debug|Any CPU.Build.0 = Debug|Any CPU
		{6C8BCC6B-26A2-4090-A2C1-7AE083BDA73D}.Release|Any CPU.ActiveCfg = Release|Any CPU
		{6C8BCC6B-26A2-4090-A2C1-7AE083BDA73D}.Release|Any CPU.Build.0 = Release|Any CPU
	EndGlobalSection
	GlobalSection(SolutionProperties) = preSolution
		HideSolutionNode = FALSE
	EndGlobalSection
	GlobalSection(ExtensibilityGlobals) = postSolution
		SolutionGuid = {7EF00BA5-8464-4B47-BCC8-111F92CF6213}
	EndGlobalSection
EndGlobal
