
Microsoft Visual Studio Solution File, Format Version 12.00
# Visual Studio Version 16
VisualStudioVersion = 16.0.30114.105
MinimumVisualStudioVersion = 10.0.40219.1
Project("{FAE04EC0-301F-11D3-BF4B-00C04F79EFBC}") = "WindowsFormsApp41", "WindowsFormsApp41\WindowsFormsApp41.csproj", "{46250525-D1D1-4547-A323-9AA902119778}"
EndProject
Global
	GlobalSection(SolutionConfigurationPlatforms) = preSolution
		Debug|Any CPU = Debug|Any CPU
		Release|Any CPU = Release|Any CPU
	EndGlobalSection
	GlobalSection(ProjectConfigurationPlatforms) = postSolution
		{46250525-D1D1-4547-A323-9AA902119778}.Debug|Any CPU.ActiveCfg = Debug|Any CPU
		{46250525-D1D1-4547-A323-9AA902119778}.Debug|Any CPU.Build.0 = Debug|Any CPU
		{46250525-D1D1-4547-A323-9AA902119778}.Release|Any CPU.ActiveCfg = Release|Any CPU
		{46250525-D1D1-4547-A323-9AA902119778}.Release|Any CPU.Build.0 = Release|Any CPU
	EndGlobalSection
	GlobalSection(SolutionProperties) = preSolution
		HideSolutionNode = FALSE
	EndGlobalSection
	GlobalSection(ExtensibilityGlobals) = postSolution
		SolutionGuid = {B7D1A029-87B1-474E-9197-16B37F7735E7}
	EndGlobalSection
EndGlobal
