
Microsoft Visual Studio Solution File, Format Version 12.00
# Visual Studio Version 16
VisualStudioVersion = 16.0.30114.105
MinimumVisualStudioVersion = 10.0.40219.1
Project("{FAE04EC0-301F-11D3-BF4B-00C04F79EFBC}") = "WindowsFormsApp44", "WindowsFormsApp44\WindowsFormsApp44.csproj", "{F4AD4A03-1B31-427D-9342-1545ABD30E8B}"
EndProject
Global
	GlobalSection(SolutionConfigurationPlatforms) = preSolution
		Debug|Any CPU = Debug|Any CPU
		Release|Any CPU = Release|Any CPU
	EndGlobalSection
	GlobalSection(ProjectConfigurationPlatforms) = postSolution
		{F4AD4A03-1B31-427D-9342-1545ABD30E8B}.Debug|Any CPU.ActiveCfg = Debug|Any CPU
		{F4AD4A03-1B31-427D-9342-1545ABD30E8B}.Debug|Any CPU.Build.0 = Debug|Any CPU
		{F4AD4A03-1B31-427D-9342-1545ABD30E8B}.Release|Any CPU.ActiveCfg = Release|Any CPU
		{F4AD4A03-1B31-427D-9342-1545ABD30E8B}.Release|Any CPU.Build.0 = Release|Any CPU
	EndGlobalSection
	GlobalSection(SolutionProperties) = preSolution
		HideSolutionNode = FALSE
	EndGlobalSection
	GlobalSection(ExtensibilityGlobals) = postSolution
		SolutionGuid = {5149DC19-D61C-45F0-B6C5-04A442E7F6F2}
	EndGlobalSection
EndGlobal
