
Microsoft Visual Studio Solution File, Format Version 12.00
# Visual Studio Version 16
VisualStudioVersion = 16.0.30114.105
MinimumVisualStudioVersion = 10.0.40219.1
Project("{FAE04EC0-301F-11D3-BF4B-00C04F79EFBC}") = "WindowsFormsApp39", "WindowsFormsApp39\WindowsFormsApp39.csproj", "{34BE6913-63D5-4EDE-A592-56DF3E99E538}"
EndProject
Global
	GlobalSection(SolutionConfigurationPlatforms) = preSolution
		Debug|Any CPU = Debug|Any CPU
		Release|Any CPU = Release|Any CPU
	EndGlobalSection
	GlobalSection(ProjectConfigurationPlatforms) = postSolution
		{34BE6913-63D5-4EDE-A592-56DF3E99E538}.Debug|Any CPU.ActiveCfg = Debug|Any CPU
		{34BE6913-63D5-4EDE-A592-56DF3E99E538}.Debug|Any CPU.Build.0 = Debug|Any CPU
		{34BE6913-63D5-4EDE-A592-56DF3E99E538}.Release|Any CPU.ActiveCfg = Release|Any CPU
		{34BE6913-63D5-4EDE-A592-56DF3E99E538}.Release|Any CPU.Build.0 = Release|Any CPU
	EndGlobalSection
	GlobalSection(SolutionProperties) = preSolution
		HideSolutionNode = FALSE
	EndGlobalSection
	GlobalSection(ExtensibilityGlobals) = postSolution
		SolutionGuid = {FA81A0D2-6E08-410C-B482-FA7029E9C1EE}
	EndGlobalSection
EndGlobal
